
Terraform used the selected providers to generate the following execution
plan. Resource actions are indicated with the following symbols:
  [32m+[0m create[0m
 [36m<=[0m read (data resources)[0m

Terraform will perform the following actions:

[1m  # data.template_file.inventory[0m will be read during apply
  # (config refers to values not yet known)
[0m [36m<=[0m[0m data "template_file" "inventory" {
      [32m+[0m[0m id       = (known after apply)
      [32m+[0m[0m rendered = (known after apply)
      [32m+[0m[0m template = <<-EOT
            [all]
            ${hosts_control}
            ${hosts_worker}
            
            [kube_control_plane]
            ${list_control}
            
            [etcd]
            ${list_control}
            
            [kube_node]
            ${list_worker}
            
            [k8s_cluster:children]
            kube_control_plane
            kube_node
        EOT
      [32m+[0m[0m vars     = {
          [32m+[0m[0m "hosts_control" = (known after apply)
          [32m+[0m[0m "hosts_worker"  = (known after apply)
          [32m+[0m[0m "list_control"  = "control-0"
          [32m+[0m[0m "list_worker"   = <<-EOT
                worker-0
                worker-1
                worker-2
            EOT
        }
    }

[1m  # null_resource.inventory-render[0m will be created
[0m  [32m+[0m[0m resource "null_resource" "inventory-render" {
      [32m+[0m[0m id       = (known after apply)
      [32m+[0m[0m triggers = {
          [32m+[0m[0m "template" = (known after apply)
        }
    }

[1m  # yandex_compute_instance.control[0][0m will be created
[0m  [32m+[0m[0m resource "yandex_compute_instance" "control" {
      [32m+[0m[0m created_at                = (known after apply)
      [32m+[0m[0m folder_id                 = (known after apply)
      [32m+[0m[0m fqdn                      = (known after apply)
      [32m+[0m[0m gpu_cluster_id            = (known after apply)
      [32m+[0m[0m hostname                  = (known after apply)
      [32m+[0m[0m id                        = (known after apply)
      [32m+[0m[0m maintenance_grace_period  = (known after apply)
      [32m+[0m[0m maintenance_policy        = (known after apply)
      [32m+[0m[0m metadata                  = {
          [32m+[0m[0m "ssh-keys" = <<-EOT
                ubuntu:ssh-rsa AAAAB3NzaC1yc2EAAAADAQABAAABgQDGgoPxbzzVn9t/WqoIR4ZQRkQANiLBKToqs2FTofxTmg6NvIZNu6sM++EFaBa+xrleCryh2bqXWsFikNA3fS4dwFLLh+ONbdIsZKMpPQp3CUjNqi+RPQuOH8mV9KpjaEYNg3peyDjkTqOQwW+9Xkl7f7ExdxYufuatfPCEvvAcpwOvLUza4MzWJCvIeO4Ti8HY6k5fXTt4xH+B5SegR7W5Ww5YGNbs4ph5C+iCUrVPikHPWYvSdKC8AOY6Euw9xbHhUjxBvOc2Pc36f92vSsJl/uO4/h6URCYeQTVZHWjeeqla99/mZzK58t+3p3sa6ZxpSJ16K37u4lKfgtt/tWNeCRTGdWvXI0Z3mo8/ATOUCR6EBGMcSJTEVFEotC32n/Dd1cV2rJJaWPn2Zv7w8jG0kVEz4u4iFHyUBviR2prsdMi24R9nvfRz6mjv3uU5x+uYX8aDD3NkKz8y+XDvVKlSrvekONRsYnk49ZfMpDUKfm4z6kaBjd5w+HUZ8fuFy7c= user@ubuntu-clean
            EOT
        }
      [32m+[0m[0m name                      = "control-0"
      [32m+[0m[0m network_acceleration_type = "standard"
      [32m+[0m[0m platform_id               = "standard-v1"
      [32m+[0m[0m service_account_id        = (known after apply)
      [32m+[0m[0m status                    = (known after apply)
      [32m+[0m[0m zone                      = "ru-central1-a"

      [32m+[0m[0m boot_disk {
          [32m+[0m[0m auto_delete = true
          [32m+[0m[0m device_name = (known after apply)
          [32m+[0m[0m disk_id     = (known after apply)
          [32m+[0m[0m mode        = (known after apply)

          [32m+[0m[0m initialize_params {
              [32m+[0m[0m block_size  = (known after apply)
              [32m+[0m[0m description = (known after apply)
              [32m+[0m[0m image_id    = "fd8clogg1kull9084s9o"
              [32m+[0m[0m name        = (known after apply)
              [32m+[0m[0m size        = 50
              [32m+[0m[0m snapshot_id = (known after apply)
              [32m+[0m[0m type        = "network-ssd"
            }
        }

      [32m+[0m[0m network_interface {
          [32m+[0m[0m index              = (known after apply)
          [32m+[0m[0m ip_address         = (known after apply)
          [32m+[0m[0m ipv4               = true
          [32m+[0m[0m ipv6               = (known after apply)
          [32m+[0m[0m ipv6_address       = (known after apply)
          [32m+[0m[0m mac_address        = (known after apply)
          [32m+[0m[0m nat                = true
          [32m+[0m[0m nat_ip_address     = (known after apply)
          [32m+[0m[0m nat_ip_version     = (known after apply)
          [32m+[0m[0m security_group_ids = (known after apply)
          [32m+[0m[0m subnet_id          = (known after apply)
        }

      [32m+[0m[0m resources {
          [32m+[0m[0m core_fraction = 100
          [32m+[0m[0m cores         = 4
          [32m+[0m[0m memory        = 8
        }

      [32m+[0m[0m scheduling_policy {
          [32m+[0m[0m preemptible = true
        }
    }

[1m  # yandex_compute_instance.worker[0][0m will be created
[0m  [32m+[0m[0m resource "yandex_compute_instance" "worker" {
      [32m+[0m[0m created_at                = (known after apply)
      [32m+[0m[0m folder_id                 = (known after apply)
      [32m+[0m[0m fqdn                      = (known after apply)
      [32m+[0m[0m gpu_cluster_id            = (known after apply)
      [32m+[0m[0m hostname                  = (known after apply)
      [32m+[0m[0m id                        = (known after apply)
      [32m+[0m[0m labels                    = {
          [32m+[0m[0m "index" = "0"
        }
      [32m+[0m[0m maintenance_grace_period  = (known after apply)
      [32m+[0m[0m maintenance_policy        = (known after apply)
      [32m+[0m[0m metadata                  = {
          [32m+[0m[0m "ssh-keys" = <<-EOT
                ubuntu:ssh-rsa AAAAB3NzaC1yc2EAAAADAQABAAABgQDGgoPxbzzVn9t/WqoIR4ZQRkQANiLBKToqs2FTofxTmg6NvIZNu6sM++EFaBa+xrleCryh2bqXWsFikNA3fS4dwFLLh+ONbdIsZKMpPQp3CUjNqi+RPQuOH8mV9KpjaEYNg3peyDjkTqOQwW+9Xkl7f7ExdxYufuatfPCEvvAcpwOvLUza4MzWJCvIeO4Ti8HY6k5fXTt4xH+B5SegR7W5Ww5YGNbs4ph5C+iCUrVPikHPWYvSdKC8AOY6Euw9xbHhUjxBvOc2Pc36f92vSsJl/uO4/h6URCYeQTVZHWjeeqla99/mZzK58t+3p3sa6ZxpSJ16K37u4lKfgtt/tWNeCRTGdWvXI0Z3mo8/ATOUCR6EBGMcSJTEVFEotC32n/Dd1cV2rJJaWPn2Zv7w8jG0kVEz4u4iFHyUBviR2prsdMi24R9nvfRz6mjv3uU5x+uYX8aDD3NkKz8y+XDvVKlSrvekONRsYnk49ZfMpDUKfm4z6kaBjd5w+HUZ8fuFy7c= user@ubuntu-clean
            EOT
        }
      [32m+[0m[0m name                      = "worker-0"
      [32m+[0m[0m network_acceleration_type = "standard"
      [32m+[0m[0m platform_id               = "standard-v1"
      [32m+[0m[0m service_account_id        = (known after apply)
      [32m+[0m[0m status                    = (known after apply)
      [32m+[0m[0m zone                      = "ru-central1-a"

      [32m+[0m[0m boot_disk {
          [32m+[0m[0m auto_delete = true
          [32m+[0m[0m device_name = (known after apply)
          [32m+[0m[0m disk_id     = (known after apply)
          [32m+[0m[0m mode        = (known after apply)

          [32m+[0m[0m initialize_params {
              [32m+[0m[0m block_size  = (known after apply)
              [32m+[0m[0m description = (known after apply)
              [32m+[0m[0m image_id    = "fd8gu48shgedqb1ubago"
              [32m+[0m[0m name        = (known after apply)
              [32m+[0m[0m size        = 50
              [32m+[0m[0m snapshot_id = (known after apply)
              [32m+[0m[0m type        = "network-ssd"
            }
        }

      [32m+[0m[0m network_interface {
          [32m+[0m[0m index              = (known after apply)
          [32m+[0m[0m ip_address         = (known after apply)
          [32m+[0m[0m ipv4               = true
          [32m+[0m[0m ipv6               = (known after apply)
          [32m+[0m[0m ipv6_address       = (known after apply)
          [32m+[0m[0m mac_address        = (known after apply)
          [32m+[0m[0m nat                = true
          [32m+[0m[0m nat_ip_address     = (known after apply)
          [32m+[0m[0m nat_ip_version     = (known after apply)
          [32m+[0m[0m security_group_ids = (known after apply)
          [32m+[0m[0m subnet_id          = (known after apply)
        }

      [32m+[0m[0m resources {
          [32m+[0m[0m core_fraction = 100
          [32m+[0m[0m cores         = 4
          [32m+[0m[0m memory        = 8
        }

      [32m+[0m[0m scheduling_policy {
          [32m+[0m[0m preemptible = true
        }
    }

[1m  # yandex_compute_instance.worker[1][0m will be created
[0m  [32m+[0m[0m resource "yandex_compute_instance" "worker" {
      [32m+[0m[0m created_at                = (known after apply)
      [32m+[0m[0m folder_id                 = (known after apply)
      [32m+[0m[0m fqdn                      = (known after apply)
      [32m+[0m[0m gpu_cluster_id            = (known after apply)
      [32m+[0m[0m hostname                  = (known after apply)
      [32m+[0m[0m id                        = (known after apply)
      [32m+[0m[0m labels                    = {
          [32m+[0m[0m "index" = "1"
        }
      [32m+[0m[0m maintenance_grace_period  = (known after apply)
      [32m+[0m[0m maintenance_policy        = (known after apply)
      [32m+[0m[0m metadata                  = {
          [32m+[0m[0m "ssh-keys" = <<-EOT
                ubuntu:ssh-rsa AAAAB3NzaC1yc2EAAAADAQABAAABgQDGgoPxbzzVn9t/WqoIR4ZQRkQANiLBKToqs2FTofxTmg6NvIZNu6sM++EFaBa+xrleCryh2bqXWsFikNA3fS4dwFLLh+ONbdIsZKMpPQp3CUjNqi+RPQuOH8mV9KpjaEYNg3peyDjkTqOQwW+9Xkl7f7ExdxYufuatfPCEvvAcpwOvLUza4MzWJCvIeO4Ti8HY6k5fXTt4xH+B5SegR7W5Ww5YGNbs4ph5C+iCUrVPikHPWYvSdKC8AOY6Euw9xbHhUjxBvOc2Pc36f92vSsJl/uO4/h6URCYeQTVZHWjeeqla99/mZzK58t+3p3sa6ZxpSJ16K37u4lKfgtt/tWNeCRTGdWvXI0Z3mo8/ATOUCR6EBGMcSJTEVFEotC32n/Dd1cV2rJJaWPn2Zv7w8jG0kVEz4u4iFHyUBviR2prsdMi24R9nvfRz6mjv3uU5x+uYX8aDD3NkKz8y+XDvVKlSrvekONRsYnk49ZfMpDUKfm4z6kaBjd5w+HUZ8fuFy7c= user@ubuntu-clean
            EOT
        }
      [32m+[0m[0m name                      = "worker-1"
      [32m+[0m[0m network_acceleration_type = "standard"
      [32m+[0m[0m platform_id               = "standard-v1"
      [32m+[0m[0m service_account_id        = (known after apply)
      [32m+[0m[0m status                    = (known after apply)
      [32m+[0m[0m zone                      = "ru-central1-b"

      [32m+[0m[0m boot_disk {
          [32m+[0m[0m auto_delete = true
          [32m+[0m[0m device_name = (known after apply)
          [32m+[0m[0m disk_id     = (known after apply)
          [32m+[0m[0m mode        = (known after apply)

          [32m+[0m[0m initialize_params {
              [32m+[0m[0m block_size  = (known after apply)
              [32m+[0m[0m description = (known after apply)
              [32m+[0m[0m image_id    = "fd8gu48shgedqb1ubago"
              [32m+[0m[0m name        = (known after apply)
              [32m+[0m[0m size        = 50
              [32m+[0m[0m snapshot_id = (known after apply)
              [32m+[0m[0m type        = "network-ssd"
            }
        }

      [32m+[0m[0m network_interface {
          [32m+[0m[0m index              = (known after apply)
          [32m+[0m[0m ip_address         = (known after apply)
          [32m+[0m[0m ipv4               = true
          [32m+[0m[0m ipv6               = (known after apply)
          [32m+[0m[0m ipv6_address       = (known after apply)
          [32m+[0m[0m mac_address        = (known after apply)
          [32m+[0m[0m nat                = true
          [32m+[0m[0m nat_ip_address     = (known after apply)
          [32m+[0m[0m nat_ip_version     = (known after apply)
          [32m+[0m[0m security_group_ids = (known after apply)
          [32m+[0m[0m subnet_id          = (known after apply)
        }

      [32m+[0m[0m resources {
          [32m+[0m[0m core_fraction = 100
          [32m+[0m[0m cores         = 4
          [32m+[0m[0m memory        = 8
        }

      [32m+[0m[0m scheduling_policy {
          [32m+[0m[0m preemptible = true
        }
    }

[1m  # yandex_compute_instance.worker[2][0m will be created
[0m  [32m+[0m[0m resource "yandex_compute_instance" "worker" {
      [32m+[0m[0m created_at                = (known after apply)
      [32m+[0m[0m folder_id                 = (known after apply)
      [32m+[0m[0m fqdn                      = (known after apply)
      [32m+[0m[0m gpu_cluster_id            = (known after apply)
      [32m+[0m[0m hostname                  = (known after apply)
      [32m+[0m[0m id                        = (known after apply)
      [32m+[0m[0m labels                    = {
          [32m+[0m[0m "index" = "2"
        }
      [32m+[0m[0m maintenance_grace_period  = (known after apply)
      [32m+[0m[0m maintenance_policy        = (known after apply)
      [32m+[0m[0m metadata                  = {
          [32m+[0m[0m "ssh-keys" = <<-EOT
                ubuntu:ssh-rsa AAAAB3NzaC1yc2EAAAADAQABAAABgQDGgoPxbzzVn9t/WqoIR4ZQRkQANiLBKToqs2FTofxTmg6NvIZNu6sM++EFaBa+xrleCryh2bqXWsFikNA3fS4dwFLLh+ONbdIsZKMpPQp3CUjNqi+RPQuOH8mV9KpjaEYNg3peyDjkTqOQwW+9Xkl7f7ExdxYufuatfPCEvvAcpwOvLUza4MzWJCvIeO4Ti8HY6k5fXTt4xH+B5SegR7W5Ww5YGNbs4ph5C+iCUrVPikHPWYvSdKC8AOY6Euw9xbHhUjxBvOc2Pc36f92vSsJl/uO4/h6URCYeQTVZHWjeeqla99/mZzK58t+3p3sa6ZxpSJ16K37u4lKfgtt/tWNeCRTGdWvXI0Z3mo8/ATOUCR6EBGMcSJTEVFEotC32n/Dd1cV2rJJaWPn2Zv7w8jG0kVEz4u4iFHyUBviR2prsdMi24R9nvfRz6mjv3uU5x+uYX8aDD3NkKz8y+XDvVKlSrvekONRsYnk49ZfMpDUKfm4z6kaBjd5w+HUZ8fuFy7c= user@ubuntu-clean
            EOT
        }
      [32m+[0m[0m name                      = "worker-2"
      [32m+[0m[0m network_acceleration_type = "standard"
      [32m+[0m[0m platform_id               = "standard-v1"
      [32m+[0m[0m service_account_id        = (known after apply)
      [32m+[0m[0m status                    = (known after apply)
      [32m+[0m[0m zone                      = "ru-central1-d"

      [32m+[0m[0m boot_disk {
          [32m+[0m[0m auto_delete = true
          [32m+[0m[0m device_name = (known after apply)
          [32m+[0m[0m disk_id     = (known after apply)
          [32m+[0m[0m mode        = (known after apply)

          [32m+[0m[0m initialize_params {
              [32m+[0m[0m block_size  = (known after apply)
              [32m+[0m[0m description = (known after apply)
              [32m+[0m[0m image_id    = "fd8gu48shgedqb1ubago"
              [32m+[0m[0m name        = (known after apply)
              [32m+[0m[0m size        = 50
              [32m+[0m[0m snapshot_id = (known after apply)
              [32m+[0m[0m type        = "network-ssd"
            }
        }

      [32m+[0m[0m network_interface {
          [32m+[0m[0m index              = (known after apply)
          [32m+[0m[0m ip_address         = (known after apply)
          [32m+[0m[0m ipv4               = true
          [32m+[0m[0m ipv6               = (known after apply)
          [32m+[0m[0m ipv6_address       = (known after apply)
          [32m+[0m[0m mac_address        = (known after apply)
          [32m+[0m[0m nat                = true
          [32m+[0m[0m nat_ip_address     = (known after apply)
          [32m+[0m[0m nat_ip_version     = (known after apply)
          [32m+[0m[0m security_group_ids = (known after apply)
          [32m+[0m[0m subnet_id          = (known after apply)
        }

      [32m+[0m[0m resources {
          [32m+[0m[0m core_fraction = 100
          [32m+[0m[0m cores         = 4
          [32m+[0m[0m memory        = 8
        }

      [32m+[0m[0m scheduling_policy {
          [32m+[0m[0m preemptible = true
        }
    }

[1m  # yandex_vpc_network.subnet-zones[0m will be created
[0m  [32m+[0m[0m resource "yandex_vpc_network" "subnet-zones" {
      [32m+[0m[0m created_at                = (known after apply)
      [32m+[0m[0m default_security_group_id = (known after apply)
      [32m+[0m[0m folder_id                 = (known after apply)
      [32m+[0m[0m id                        = (known after apply)
      [32m+[0m[0m labels                    = (known after apply)
      [32m+[0m[0m name                      = "net"
      [32m+[0m[0m subnet_ids                = (known after apply)
    }

[1m  # yandex_vpc_subnet.subnet-zones[0][0m will be created
[0m  [32m+[0m[0m resource "yandex_vpc_subnet" "subnet-zones" {
      [32m+[0m[0m created_at     = (known after apply)
      [32m+[0m[0m folder_id      = (known after apply)
      [32m+[0m[0m id             = (known after apply)
      [32m+[0m[0m labels         = (known after apply)
      [32m+[0m[0m name           = "subnet-ru-central1-a"
      [32m+[0m[0m network_id     = (known after apply)
      [32m+[0m[0m v4_cidr_blocks = [
          [32m+[0m[0m "10.10.1.0/24",
        ]
      [32m+[0m[0m v6_cidr_blocks = (known after apply)
      [32m+[0m[0m zone           = "ru-central1-a"
    }

[1m  # yandex_vpc_subnet.subnet-zones[1][0m will be created
[0m  [32m+[0m[0m resource "yandex_vpc_subnet" "subnet-zones" {
      [32m+[0m[0m created_at     = (known after apply)
      [32m+[0m[0m folder_id      = (known after apply)
      [32m+[0m[0m id             = (known after apply)
      [32m+[0m[0m labels         = (known after apply)
      [32m+[0m[0m name           = "subnet-ru-central1-b"
      [32m+[0m[0m network_id     = (known after apply)
      [32m+[0m[0m v4_cidr_blocks = [
          [32m+[0m[0m "10.10.2.0/24",
        ]
      [32m+[0m[0m v6_cidr_blocks = (known after apply)
      [32m+[0m[0m zone           = "ru-central1-b"
    }

[1m  # yandex_vpc_subnet.subnet-zones[2][0m will be created
[0m  [32m+[0m[0m resource "yandex_vpc_subnet" "subnet-zones" {
      [32m+[0m[0m created_at     = (known after apply)
      [32m+[0m[0m folder_id      = (known after apply)
      [32m+[0m[0m id             = (known after apply)
      [32m+[0m[0m labels         = (known after apply)
      [32m+[0m[0m name           = "subnet-ru-central1-d"
      [32m+[0m[0m network_id     = (known after apply)
      [32m+[0m[0m v4_cidr_blocks = [
          [32m+[0m[0m "10.10.3.0/24",
        ]
      [32m+[0m[0m v6_cidr_blocks = (known after apply)
      [32m+[0m[0m zone           = "ru-central1-d"
    }

[1mPlan:[0m 9 to add, 0 to change, 0 to destroy.
[0m[90m
─────────────────────────────────────────────────────────────────────────────[0m

Note: You didn't use the -out option to save this plan, so Terraform can't
guarantee to take exactly these actions if you run "terraform apply" now.
